
Microsoft Visual Studio Solution File, Format Version 12.00
# Visual Studio Version 17
VisualStudioVersion = 17.0.31912.275
MinimumVisualStudioVersion = 10.0.40219.1
Project("{9A19103F-16F7-4668-BE54-9A1E7A4F7556}") = "ConsoleKaartspel1", "ConsoleKaartspel1\ConsoleKaartspel1.csproj", "{9279DB2A-9A41-468F-8A0E-4F37EE6AD18B}"
EndProject
Project("{FAE04EC0-301F-11D3-BF4B-00C04F79EFBC}") = "ConsoleVeiling", "ConsoleVeiling\ConsoleVeiling.csproj", "{6484379C-0EBD-4CCB-8CA4-9978B4B4C43E}"
EndProject
Global
	GlobalSection(SolutionConfigurationPlatforms) = preSolution
		Debug|Any CPU = Debug|Any CPU
		Release|Any CPU = Release|Any CPU
	EndGlobalSection
	GlobalSection(ProjectConfigurationPlatforms) = postSolution
		{9279DB2A-9A41-468F-8A0E-4F37EE6AD18B}.Debug|Any CPU.ActiveCfg = Debug|Any CPU
		{9279DB2A-9A41-468F-8A0E-4F37EE6AD18B}.Debug|Any CPU.Build.0 = Debug|Any CPU
		{9279DB2A-9A41-468F-8A0E-4F37EE6AD18B}.Release|Any CPU.ActiveCfg = Release|Any CPU
		{9279DB2A-9A41-468F-8A0E-4F37EE6AD18B}.Release|Any CPU.Build.0 = Release|Any CPU
		{6484379C-0EBD-4CCB-8CA4-9978B4B4C43E}.Debug|Any CPU.ActiveCfg = Debug|Any CPU
		{6484379C-0EBD-4CCB-8CA4-9978B4B4C43E}.Debug|Any CPU.Build.0 = Debug|Any CPU
		{6484379C-0EBD-4CCB-8CA4-9978B4B4C43E}.Release|Any CPU.ActiveCfg = Release|Any CPU
		{6484379C-0EBD-4CCB-8CA4-9978B4B4C43E}.Release|Any CPU.Build.0 = Release|Any CPU
	EndGlobalSection
	GlobalSection(SolutionProperties) = preSolution
		HideSolutionNode = FALSE
	EndGlobalSection
	GlobalSection(ExtensibilityGlobals) = postSolution
		SolutionGuid = {86863153-CD91-46D3-A6CB-860173C06DA0}
	EndGlobalSection
EndGlobal
