
Microsoft Visual Studio Solution File, Format Version 12.00
# Visual Studio Version 16
VisualStudioVersion = 16.0.31424.327
MinimumVisualStudioVersion = 10.0.40219.1
Project("{9A19103F-16F7-4668-BE54-9A1E7A4F7556}") = "WpfPaswoordChecker", "WpfPaswoordChecker\WpfPaswoordChecker.csproj", "{35290DEF-234A-4FD9-ABFB-7166496A3080}"
EndProject
Project("{9A19103F-16F7-4668-BE54-9A1E7A4F7556}") = "WpfEllipsen", "WpfEllipsen\WpfEllipsen.csproj", "{4FEE43FD-232C-42C7-96BA-DDFBFDD05344}"
EndProject
Project("{9A19103F-16F7-4668-BE54-9A1E7A4F7556}") = "WpfTimer", "WpfTimer\WpfTimer.csproj", "{A20CE8DE-D514-4F18-8685-586028C49CCF}"
EndProject
Project("{FAE04EC0-301F-11D3-BF4B-00C04F79EFBC}") = "WpfPunten", "WpfTimerw\WpfPunten.csproj", "{0AFD423D-51D3-4C81-ADE2-A7DCF834871C}"
EndProject
Global
	GlobalSection(SolutionConfigurationPlatforms) = preSolution
		Debug|Any CPU = Debug|Any CPU
		Release|Any CPU = Release|Any CPU
	EndGlobalSection
	GlobalSection(ProjectConfigurationPlatforms) = postSolution
		{35290DEF-234A-4FD9-ABFB-7166496A3080}.Debug|Any CPU.ActiveCfg = Debug|Any CPU
		{35290DEF-234A-4FD9-ABFB-7166496A3080}.Debug|Any CPU.Build.0 = Debug|Any CPU
		{35290DEF-234A-4FD9-ABFB-7166496A3080}.Release|Any CPU.ActiveCfg = Release|Any CPU
		{35290DEF-234A-4FD9-ABFB-7166496A3080}.Release|Any CPU.Build.0 = Release|Any CPU
		{4FEE43FD-232C-42C7-96BA-DDFBFDD05344}.Debug|Any CPU.ActiveCfg = Debug|Any CPU
		{4FEE43FD-232C-42C7-96BA-DDFBFDD05344}.Debug|Any CPU.Build.0 = Debug|Any CPU
		{4FEE43FD-232C-42C7-96BA-DDFBFDD05344}.Release|Any CPU.ActiveCfg = Release|Any CPU
		{4FEE43FD-232C-42C7-96BA-DDFBFDD05344}.Release|Any CPU.Build.0 = Release|Any CPU
		{A20CE8DE-D514-4F18-8685-586028C49CCF}.Debug|Any CPU.ActiveCfg = Debug|Any CPU
		{A20CE8DE-D514-4F18-8685-586028C49CCF}.Debug|Any CPU.Build.0 = Debug|Any CPU
		{A20CE8DE-D514-4F18-8685-586028C49CCF}.Release|Any CPU.ActiveCfg = Release|Any CPU
		{A20CE8DE-D514-4F18-8685-586028C49CCF}.Release|Any CPU.Build.0 = Release|Any CPU
		{0AFD423D-51D3-4C81-ADE2-A7DCF834871C}.Debug|Any CPU.ActiveCfg = Debug|Any CPU
		{0AFD423D-51D3-4C81-ADE2-A7DCF834871C}.Debug|Any CPU.Build.0 = Debug|Any CPU
		{0AFD423D-51D3-4C81-ADE2-A7DCF834871C}.Release|Any CPU.ActiveCfg = Release|Any CPU
		{0AFD423D-51D3-4C81-ADE2-A7DCF834871C}.Release|Any CPU.Build.0 = Release|Any CPU
	EndGlobalSection
	GlobalSection(SolutionProperties) = preSolution
		HideSolutionNode = FALSE
	EndGlobalSection
	GlobalSection(ExtensibilityGlobals) = postSolution
		SolutionGuid = {BAE3C2A3-351B-4838-9273-EF162D859226}
	EndGlobalSection
EndGlobal
