
Microsoft Visual Studio Solution File, Format Version 12.00
# Visual Studio Version 16
VisualStudioVersion = 16.0.32126.315
MinimumVisualStudioVersion = 10.0.40219.1
Project("{9A19103F-16F7-4668-BE54-9A1E7A4F7556}") = "MyClassLibrary", "MyClassLibrary\MyClassLibrary.csproj", "{DE8913D8-C6B0-4381-8525-F79BF8EFB2CC}"
EndProject
Project("{FAE04EC0-301F-11D3-BF4B-00C04F79EFBC}") = "admin WPF", "admin WPF\admin WPF.csproj", "{3B5A7191-0E4E-4C30-8242-99AF866B1F46}"
EndProject
Project("{FAE04EC0-301F-11D3-BF4B-00C04F79EFBC}") = "gebruiker WPF", "gebruiker WPF\gebruiker WPF.csproj", "{78C58DC9-219F-46DB-8870-8F4AACEF1968}"
EndProject
Global
	GlobalSection(SolutionConfigurationPlatforms) = preSolution
		Debug|Any CPU = Debug|Any CPU
		Release|Any CPU = Release|Any CPU
	EndGlobalSection
	GlobalSection(ProjectConfigurationPlatforms) = postSolution
		{DE8913D8-C6B0-4381-8525-F79BF8EFB2CC}.Debug|Any CPU.ActiveCfg = Debug|Any CPU
		{DE8913D8-C6B0-4381-8525-F79BF8EFB2CC}.Debug|Any CPU.Build.0 = Debug|Any CPU
		{DE8913D8-C6B0-4381-8525-F79BF8EFB2CC}.Release|Any CPU.ActiveCfg = Release|Any CPU
		{DE8913D8-C6B0-4381-8525-F79BF8EFB2CC}.Release|Any CPU.Build.0 = Release|Any CPU
		{3B5A7191-0E4E-4C30-8242-99AF866B1F46}.Debug|Any CPU.ActiveCfg = Debug|Any CPU
		{3B5A7191-0E4E-4C30-8242-99AF866B1F46}.Debug|Any CPU.Build.0 = Debug|Any CPU
		{3B5A7191-0E4E-4C30-8242-99AF866B1F46}.Release|Any CPU.ActiveCfg = Release|Any CPU
		{3B5A7191-0E4E-4C30-8242-99AF866B1F46}.Release|Any CPU.Build.0 = Release|Any CPU
		{78C58DC9-219F-46DB-8870-8F4AACEF1968}.Debug|Any CPU.ActiveCfg = Debug|Any CPU
		{78C58DC9-219F-46DB-8870-8F4AACEF1968}.Debug|Any CPU.Build.0 = Debug|Any CPU
		{78C58DC9-219F-46DB-8870-8F4AACEF1968}.Release|Any CPU.ActiveCfg = Release|Any CPU
		{78C58DC9-219F-46DB-8870-8F4AACEF1968}.Release|Any CPU.Build.0 = Release|Any CPU
	EndGlobalSection
	GlobalSection(SolutionProperties) = preSolution
		HideSolutionNode = FALSE
	EndGlobalSection
	GlobalSection(ExtensibilityGlobals) = postSolution
		SolutionGuid = {8887D03D-C864-4192-8634-D35FD030F7B5}
	EndGlobalSection
EndGlobal
